
Microsoft Visual Studio Solution File, Format Version 12.00
# Visual Studio Version 16
VisualStudioVersion = 16.0.34114.132
MinimumVisualStudioVersion = 10.0.40219.1
Project("{FAE04EC0-301F-11D3-BF4B-00C04F79EFBC}") = "MARKETPLACE", "MARKETPLACE\MARKETPLACE.csproj", "{7EE714F7-F573-44A4-AFBB-8889980E3987}"
EndProject
Project("{FAE04EC0-301F-11D3-BF4B-00C04F79EFBC}") = "CamadaModelo", "CamadaModelo\CamadaModelo.csproj", "{14608A7B-0F0E-4B66-AAB2-9ABEA0F25713}"
EndProject
Project("{FAE04EC0-301F-11D3-BF4B-00C04F79EFBC}") = "CamadaControle", "CamadaControle\CamadaControle.csproj", "{78EA7774-FA6A-46BE-BFAA-07177DFFC838}"
EndProject
Global
	GlobalSection(SolutionConfigurationPlatforms) = preSolution
		Debug|Any CPU = Debug|Any CPU
		Release|Any CPU = Release|Any CPU
	EndGlobalSection
	GlobalSection(ProjectConfigurationPlatforms) = postSolution
		{7EE714F7-F573-44A4-AFBB-8889980E3987}.Debug|Any CPU.ActiveCfg = Debug|Any CPU
		{7EE714F7-F573-44A4-AFBB-8889980E3987}.Debug|Any CPU.Build.0 = Debug|Any CPU
		{7EE714F7-F573-44A4-AFBB-8889980E3987}.Release|Any CPU.ActiveCfg = Release|Any CPU
		{7EE714F7-F573-44A4-AFBB-8889980E3987}.Release|Any CPU.Build.0 = Release|Any CPU
		{14608A7B-0F0E-4B66-AAB2-9ABEA0F25713}.Debug|Any CPU.ActiveCfg = Debug|Any CPU
		{14608A7B-0F0E-4B66-AAB2-9ABEA0F25713}.Debug|Any CPU.Build.0 = Debug|Any CPU
		{14608A7B-0F0E-4B66-AAB2-9ABEA0F25713}.Release|Any CPU.ActiveCfg = Release|Any CPU
		{14608A7B-0F0E-4B66-AAB2-9ABEA0F25713}.Release|Any CPU.Build.0 = Release|Any CPU
		{78EA7774-FA6A-46BE-BFAA-07177DFFC838}.Debug|Any CPU.ActiveCfg = Debug|Any CPU
		{78EA7774-FA6A-46BE-BFAA-07177DFFC838}.Debug|Any CPU.Build.0 = Debug|Any CPU
		{78EA7774-FA6A-46BE-BFAA-07177DFFC838}.Release|Any CPU.ActiveCfg = Release|Any CPU
		{78EA7774-FA6A-46BE-BFAA-07177DFFC838}.Release|Any CPU.Build.0 = Release|Any CPU
	EndGlobalSection
	GlobalSection(SolutionProperties) = preSolution
		HideSolutionNode = FALSE
	EndGlobalSection
	GlobalSection(ExtensibilityGlobals) = postSolution
		SolutionGuid = {6892B9A9-ABE2-4FC3-8E03-D36B0F653FD2}
	EndGlobalSection
EndGlobal
